
Microsoft Visual Studio Solution File, Format Version 12.00
# Visual Studio Version 17
VisualStudioVersion = 17.1.32414.318
MinimumVisualStudioVersion = 10.0.40219.1
Project("{FAE04EC0-301F-11D3-BF4B-00C04F79EFBC}") = "RentalCarProject", "RentalCarProject\RentalCarProject.csproj", "{91CFEB8E-B768-450C-915B-EB6990C5F6E7}"
EndProject
Global
	GlobalSection(SolutionConfigurationPlatforms) = preSolution
		Debug|Any CPU = Debug|Any CPU
		Release|Any CPU = Release|Any CPU
	EndGlobalSection
	GlobalSection(ProjectConfigurationPlatforms) = postSolution
		{91CFEB8E-B768-450C-915B-EB6990C5F6E7}.Debug|Any CPU.ActiveCfg = Debug|Any CPU
		{91CFEB8E-B768-450C-915B-EB6990C5F6E7}.Debug|Any CPU.Build.0 = Debug|Any CPU
		{91CFEB8E-B768-450C-915B-EB6990C5F6E7}.Release|Any CPU.ActiveCfg = Release|Any CPU
		{91CFEB8E-B768-450C-915B-EB6990C5F6E7}.Release|Any CPU.Build.0 = Release|Any CPU
	EndGlobalSection
	GlobalSection(SolutionProperties) = preSolution
		HideSolutionNode = FALSE
	EndGlobalSection
	GlobalSection(ExtensibilityGlobals) = postSolution
		SolutionGuid = {5E39F3FC-E85C-4D41-A2CA-8D0DA63CEFAB}
	EndGlobalSection
EndGlobal
